
Microsoft Visual Studio Solution File, Format Version 12.00
# Visual Studio Version 17
VisualStudioVersion = 17.14.37516.0
MinimumVisualStudioVersion = 10.0.40219.1
Project("{FAE04EC0-301F-11D3-BF4B-00C04F79EFBC}") = "WYR", "WYR.csproj", "{B28A91F6-17C8-4808-98ED-D945522FD3CE}"
EndProject
Project("{FAE04EC0-301F-11D3-BF4B-00C04F79EFBC}") = "WYRAPI", "..\WYRAPI\WYRAPI.csproj", "{2E014719-0B7E-4D11-BF1C-41EE6946564F}"
EndProject
Project("{2150E333-8FDC-42A3-9474-1A3956D46DE8}") = "Solution Items", "Solution Items", "{8EC462FD-D22E-90A8-E5CE-7E832BA40C5D}"
EndProject
Project("{FAE04EC0-301F-11D3-BF4B-00C04F79EFBC}") = "WYRAPI.Tests", "..\WYRAPI.Tests\WYRAPI.Tests.csproj", "{7DDA90F8-381F-4080-970F-3C3F01134DE6}"
EndProject
Project("{FAE04EC0-301F-11D3-BF4B-00C04F79EFBC}") = "WYR.Tests", "..\WYR.Tests\WYR.Tests.csproj", "{901BE8B3-7048-4FB0-9B8D-99084935E860}"
EndProject
Global
	GlobalSection(SolutionConfigurationPlatforms) = preSolution
		Debug|Any CPU = Debug|Any CPU
		Release|Any CPU = Release|Any CPU
	EndGlobalSection
	GlobalSection(ProjectConfigurationPlatforms) = postSolution
		{B28A91F6-17C8-4808-98ED-D945522FD3CE}.Debug|Any CPU.ActiveCfg = Debug|Any CPU
		{B28A91F6-17C8-4808-98ED-D945522FD3CE}.Debug|Any CPU.Build.0 = Debug|Any CPU
		{B28A91F6-17C8-4808-98ED-D945522FD3CE}.Release|Any CPU.ActiveCfg = Release|Any CPU
		{B28A91F6-17C8-4808-98ED-D945522FD3CE}.Release|Any CPU.Build.0 = Release|Any CPU
		{2E014719-0B7E-4D11-BF1C-41EE6946564F}.Debug|Any CPU.ActiveCfg = Debug|Any CPU
		{2E014719-0B7E-4D11-BF1C-41EE6946564F}.Debug|Any CPU.Build.0 = Debug|Any CPU
		{2E014719-0B7E-4D11-BF1C-41EE6946564F}.Release|Any CPU.ActiveCfg = Release|Any CPU
		{2E014719-0B7E-4D11-BF1C-41EE6946564F}.Release|Any CPU.Build.0 = Release|Any CPU
		{7DDA90F8-381F-4080-970F-3C3F01134DE6}.Debug|Any CPU.ActiveCfg = Debug|Any CPU
		{7DDA90F8-381F-4080-970F-3C3F01134DE6}.Debug|Any CPU.Build.0 = Debug|Any CPU
		{7DDA90F8-381F-4080-970F-3C3F01134DE6}.Release|Any CPU.ActiveCfg = Release|Any CPU
		{7DDA90F8-381F-4080-970F-3C3F01134DE6}.Release|Any CPU.Build.0 = Release|Any CPU
		{901BE8B3-7048-4FB0-9B8D-99084935E860}.Debug|Any CPU.ActiveCfg = Debug|Any CPU
		{901BE8B3-7048-4FB0-9B8D-99084935E860}.Debug|Any CPU.Build.0 = Debug|Any CPU
		{901BE8B3-7048-4FB0-9B8D-99084935E860}.Release|Any CPU.ActiveCfg = Release|Any CPU
		{901BE8B3-7048-4FB0-9B8D-99084935E860}.Release|Any CPU.Build.0 = Release|Any CPU
	EndGlobalSection
	GlobalSection(SolutionProperties) = preSolution
		HideSolutionNode = FALSE
	EndGlobalSection
	GlobalSection(ExtensibilityGlobals) = postSolution
		SolutionGuid = {D94C4277-DD8A-4354-830D-561C97058680}
	EndGlobalSection
EndGlobal
